
Microsoft Visual Studio Solution File, Format Version 12.00
# Visual Studio Version 16
VisualStudioVersion = 16.0.28803.352
MinimumVisualStudioVersion = 10.0.40219.1
Project("{FAE04EC0-301F-11D3-BF4B-00C04F79EFBC}") = "VirtualHdOperatingSystem.Application", "VirtualHdOperatingSystem.Application\VirtualHdOperatingSystem.Application.csproj", "{8E9CAFBF-435D-4618-AA31-8E1A1E1DBB6D}"
EndProject
Project("{2150E333-8FDC-42A3-9474-1A3956D46DE8}") = "0 - Application", "0 - Application", "{374CE4B4-C410-429F-973B-120FDC56D4EE}"
EndProject
Project("{2150E333-8FDC-42A3-9474-1A3956D46DE8}") = "0 - Console", "0 - Console", "{E1E79DE2-41E1-4427-910A-A023394E356F}"
EndProject
Project("{2150E333-8FDC-42A3-9474-1A3956D46DE8}") = "1 - Application", "1 - Application", "{C37795C4-A845-41C3-BB8F-C21907D8BAEC}"
EndProject
Project("{2150E333-8FDC-42A3-9474-1A3956D46DE8}") = "2 - Domain", "2 - Domain", "{5B64A3D2-08D1-4C20-9C26-FD73612B85F6}"
EndProject
Project("{2150E333-8FDC-42A3-9474-1A3956D46DE8}") = "3 - Infra", "3 - Infra", "{D3BFB689-5EDC-48DE-B520-86FDDD03A250}"
EndProject
Project("{2150E333-8FDC-42A3-9474-1A3956D46DE8}") = "3.1 - Data", "3.1 - Data", "{1ECED22F-B37B-4FFB-92B9-03CE0419F52C}"
EndProject
Project("{2150E333-8FDC-42A3-9474-1A3956D46DE8}") = "3.2 - CrossCutting", "3.2 - CrossCutting", "{B33F0297-F370-4632-9F7A-45FDA32D72B5}"
EndProject
Global
	GlobalSection(SolutionConfigurationPlatforms) = preSolution
		Debug|Any CPU = Debug|Any CPU
		Release|Any CPU = Release|Any CPU
	EndGlobalSection
	GlobalSection(ProjectConfigurationPlatforms) = postSolution
		{8E9CAFBF-435D-4618-AA31-8E1A1E1DBB6D}.Debug|Any CPU.ActiveCfg = Debug|Any CPU
		{8E9CAFBF-435D-4618-AA31-8E1A1E1DBB6D}.Debug|Any CPU.Build.0 = Debug|Any CPU
		{8E9CAFBF-435D-4618-AA31-8E1A1E1DBB6D}.Release|Any CPU.ActiveCfg = Release|Any CPU
		{8E9CAFBF-435D-4618-AA31-8E1A1E1DBB6D}.Release|Any CPU.Build.0 = Release|Any CPU
	EndGlobalSection
	GlobalSection(SolutionProperties) = preSolution
		HideSolutionNode = FALSE
	EndGlobalSection
	GlobalSection(NestedProjects) = preSolution
		{8E9CAFBF-435D-4618-AA31-8E1A1E1DBB6D} = {374CE4B4-C410-429F-973B-120FDC56D4EE}
		{1ECED22F-B37B-4FFB-92B9-03CE0419F52C} = {D3BFB689-5EDC-48DE-B520-86FDDD03A250}
		{B33F0297-F370-4632-9F7A-45FDA32D72B5} = {D3BFB689-5EDC-48DE-B520-86FDDD03A250}
	EndGlobalSection
	GlobalSection(ExtensibilityGlobals) = postSolution
		SolutionGuid = {31BCF3AD-C81E-42D9-8845-E02A821FFB09}
	EndGlobalSection
EndGlobal
